
Microsoft Visual Studio Solution File, Format Version 12.00
# Visual Studio Version 16
VisualStudioVersion = 16.0.33130.400
MinimumVisualStudioVersion = 10.0.40219.1
Project("{FAE04EC0-301F-11D3-BF4B-00C04F79EFBC}") = "Template", "Template\Template.csproj", "{A3DC2B37-D355-4048-96DE-5A069BD9EB58}"
EndProject
Project("{2150E333-8FDC-42A3-9474-1A3956D46DE8}") = "1-Web", "1-Web", "{DB03827E-53F2-4F33-A5FE-06CD6C3423CA}"
EndProject
Project("{2150E333-8FDC-42A3-9474-1A3956D46DE8}") = "2-Application", "2-Application", "{63B4873F-0472-43FE-8650-217D117765A8}"
EndProject
Project("{2150E333-8FDC-42A3-9474-1A3956D46DE8}") = "3-Domain", "3-Domain", "{22278981-EC49-4C3C-B7AC-BC26D4EDAE3F}"
EndProject
Project("{2150E333-8FDC-42A3-9474-1A3956D46DE8}") = "4-Infra", "4-Infra", "{BA56DC42-EAC1-4F76-908F-84E962D6265D}"
EndProject
Project("{FAE04EC0-301F-11D3-BF4B-00C04F79EFBC}") = "Template.Application", "Template.Application\Template.Application.csproj", "{7AC39AA4-453A-4915-A782-9E389CB09B42}"
EndProject
Project("{FAE04EC0-301F-11D3-BF4B-00C04F79EFBC}") = "Template.Domain", "Template.Domain\Template.Domain.csproj", "{05F6E520-2D81-45DF-832C-D64ADBE9C550}"
EndProject
Project("{FAE04EC0-301F-11D3-BF4B-00C04F79EFBC}") = "Template.Data", "Template.Infra\Template.Data.csproj", "{6D0F6806-58BA-40EC-9ACC-E71F34EA694D}"
EndProject
Project("{2150E333-8FDC-42A3-9474-1A3956D46DE8}") = "4.1-Data", "4.1-Data", "{D1CD3FBF-3450-4DA4-A053-243330E2AC05}"
EndProject
Project("{2150E333-8FDC-42A3-9474-1A3956D46DE8}") = "4.2-CrossCutting", "4.2-CrossCutting", "{C3FDBBBF-2FB6-4E97-90C4-5E9CB4170A4C}"
EndProject
Global
	GlobalSection(SolutionConfigurationPlatforms) = preSolution
		Debug|Any CPU = Debug|Any CPU
		Release|Any CPU = Release|Any CPU
	EndGlobalSection
	GlobalSection(ProjectConfigurationPlatforms) = postSolution
		{A3DC2B37-D355-4048-96DE-5A069BD9EB58}.Debug|Any CPU.ActiveCfg = Debug|Any CPU
		{A3DC2B37-D355-4048-96DE-5A069BD9EB58}.Debug|Any CPU.Build.0 = Debug|Any CPU
		{A3DC2B37-D355-4048-96DE-5A069BD9EB58}.Release|Any CPU.ActiveCfg = Release|Any CPU
		{A3DC2B37-D355-4048-96DE-5A069BD9EB58}.Release|Any CPU.Build.0 = Release|Any CPU
		{7AC39AA4-453A-4915-A782-9E389CB09B42}.Debug|Any CPU.ActiveCfg = Debug|Any CPU
		{7AC39AA4-453A-4915-A782-9E389CB09B42}.Debug|Any CPU.Build.0 = Debug|Any CPU
		{7AC39AA4-453A-4915-A782-9E389CB09B42}.Release|Any CPU.ActiveCfg = Release|Any CPU
		{7AC39AA4-453A-4915-A782-9E389CB09B42}.Release|Any CPU.Build.0 = Release|Any CPU
		{05F6E520-2D81-45DF-832C-D64ADBE9C550}.Debug|Any CPU.ActiveCfg = Debug|Any CPU
		{05F6E520-2D81-45DF-832C-D64ADBE9C550}.Debug|Any CPU.Build.0 = Debug|Any CPU
		{05F6E520-2D81-45DF-832C-D64ADBE9C550}.Release|Any CPU.ActiveCfg = Release|Any CPU
		{05F6E520-2D81-45DF-832C-D64ADBE9C550}.Release|Any CPU.Build.0 = Release|Any CPU
		{6D0F6806-58BA-40EC-9ACC-E71F34EA694D}.Debug|Any CPU.ActiveCfg = Debug|Any CPU
		{6D0F6806-58BA-40EC-9ACC-E71F34EA694D}.Debug|Any CPU.Build.0 = Debug|Any CPU
		{6D0F6806-58BA-40EC-9ACC-E71F34EA694D}.Release|Any CPU.ActiveCfg = Release|Any CPU
		{6D0F6806-58BA-40EC-9ACC-E71F34EA694D}.Release|Any CPU.Build.0 = Release|Any CPU
	EndGlobalSection
	GlobalSection(SolutionProperties) = preSolution
		HideSolutionNode = FALSE
	EndGlobalSection
	GlobalSection(NestedProjects) = preSolution
		{A3DC2B37-D355-4048-96DE-5A069BD9EB58} = {DB03827E-53F2-4F33-A5FE-06CD6C3423CA}
		{7AC39AA4-453A-4915-A782-9E389CB09B42} = {63B4873F-0472-43FE-8650-217D117765A8}
		{05F6E520-2D81-45DF-832C-D64ADBE9C550} = {22278981-EC49-4C3C-B7AC-BC26D4EDAE3F}
		{6D0F6806-58BA-40EC-9ACC-E71F34EA694D} = {D1CD3FBF-3450-4DA4-A053-243330E2AC05}
		{D1CD3FBF-3450-4DA4-A053-243330E2AC05} = {BA56DC42-EAC1-4F76-908F-84E962D6265D}
		{C3FDBBBF-2FB6-4E97-90C4-5E9CB4170A4C} = {BA56DC42-EAC1-4F76-908F-84E962D6265D}
	EndGlobalSection
	GlobalSection(ExtensibilityGlobals) = postSolution
		SolutionGuid = {6F5C6075-22A1-431C-B703-9FB7F971BACB}
	EndGlobalSection
EndGlobal
